
Microsoft Visual Studio Solution File, Format Version 12.00
# Visual Studio Version 17
VisualStudioVersion = 17.5.33502.453
MinimumVisualStudioVersion = 10.0.40219.1
Project("{FAE04EC0-301F-11D3-BF4B-00C04F79EFBC}") = "LanApp1_1", "LanApp1\LanApp1_1.csproj", "{01F34166-6CD2-42FF-AD5E-66886F473A04}"
EndProject
Project("{FAE04EC0-301F-11D3-BF4B-00C04F79EFBC}") = "LanApp1_2Server", "LanApp1_2Server\LanApp1_2Server.csproj", "{99799633-2155-4DF2-8FD1-8CC7FF6D6678}"
EndProject
Project("{FAE04EC0-301F-11D3-BF4B-00C04F79EFBC}") = "LanApp1_3Client", "LanApp1_3Client\LanApp1_3Client.csproj", "{D8FA6AD8-1AC9-4207-B952-8341A7C240AE}"
EndProject
Project("{FAE04EC0-301F-11D3-BF4B-00C04F79EFBC}") = "LanApp2_1Udp", "LanApp2_1Udp\LanApp2_1Udp.csproj", "{75219264-AD2F-4D01-B71E-9CE43B4DA643}"
EndProject
Project("{FAE04EC0-301F-11D3-BF4B-00C04F79EFBC}") = "LanApp2_2AsyncTcpServer", "LanApp2_2AsyncTcpServer\LanApp2_2AsyncTcpServer.csproj", "{76B04D11-AA4E-44B3-AA7D-74E46C54D640}"
EndProject
Project("{FAE04EC0-301F-11D3-BF4B-00C04F79EFBC}") = "LanApp2_3TcpAsyncClient", "LanApp2_3TcpAsyncClient\LanApp2_3TcpAsyncClient.csproj", "{384267C2-2321-4E17-A9F3-B5410AD48C7D}"
EndProject
Project("{FAE04EC0-301F-11D3-BF4B-00C04F79EFBC}") = "LanApp3_1TcpListener", "LanApp3_1TcpListener\LanApp3_1TcpListener.csproj", "{29B60226-137E-481B-9805-EFCA226E3DC9}"
EndProject
Project("{FAE04EC0-301F-11D3-BF4B-00C04F79EFBC}") = "LanApp3_2TcpClient", "LanApp3_2TcpClient\LanApp3_2TcpClient.csproj", "{4035B8B4-A1E4-4F2D-B020-7A60034DCA14}"
EndProject
Project("{FAE04EC0-301F-11D3-BF4B-00C04F79EFBC}") = "LanApp4_1UdpClient", "LanApp4_1UdpClient\LanApp4_1UdpClient.csproj", "{888BDC6A-3BFF-4021-B3CA-4C680E0774EB}"
EndProject
Project("{FAE04EC0-301F-11D3-BF4B-00C04F79EFBC}") = "LanApp5_1ScreenServer", "LanApp5_1ScreenServer\LanApp5_1ScreenServer.csproj", "{E1FA9DA9-70A1-439D-8C28-186A1791B236}"
EndProject
Project("{FAE04EC0-301F-11D3-BF4B-00C04F79EFBC}") = "LanApp5_2ScreenClient", "LanApp5_2ScreenClient\LanApp5_2ScreenClient.csproj", "{1F3D9018-C732-4C3B-ABB6-D8497BE7AD56}"
EndProject
Global
	GlobalSection(SolutionConfigurationPlatforms) = preSolution
		Debug|Any CPU = Debug|Any CPU
		Release|Any CPU = Release|Any CPU
	EndGlobalSection
	GlobalSection(ProjectConfigurationPlatforms) = postSolution
		{01F34166-6CD2-42FF-AD5E-66886F473A04}.Debug|Any CPU.ActiveCfg = Debug|Any CPU
		{01F34166-6CD2-42FF-AD5E-66886F473A04}.Debug|Any CPU.Build.0 = Debug|Any CPU
		{01F34166-6CD2-42FF-AD5E-66886F473A04}.Release|Any CPU.ActiveCfg = Release|Any CPU
		{01F34166-6CD2-42FF-AD5E-66886F473A04}.Release|Any CPU.Build.0 = Release|Any CPU
		{99799633-2155-4DF2-8FD1-8CC7FF6D6678}.Debug|Any CPU.ActiveCfg = Debug|Any CPU
		{99799633-2155-4DF2-8FD1-8CC7FF6D6678}.Debug|Any CPU.Build.0 = Debug|Any CPU
		{99799633-2155-4DF2-8FD1-8CC7FF6D6678}.Release|Any CPU.ActiveCfg = Release|Any CPU
		{99799633-2155-4DF2-8FD1-8CC7FF6D6678}.Release|Any CPU.Build.0 = Release|Any CPU
		{D8FA6AD8-1AC9-4207-B952-8341A7C240AE}.Debug|Any CPU.ActiveCfg = Debug|Any CPU
		{D8FA6AD8-1AC9-4207-B952-8341A7C240AE}.Debug|Any CPU.Build.0 = Debug|Any CPU
		{D8FA6AD8-1AC9-4207-B952-8341A7C240AE}.Release|Any CPU.ActiveCfg = Release|Any CPU
		{D8FA6AD8-1AC9-4207-B952-8341A7C240AE}.Release|Any CPU.Build.0 = Release|Any CPU
		{75219264-AD2F-4D01-B71E-9CE43B4DA643}.Debug|Any CPU.ActiveCfg = Debug|Any CPU
		{75219264-AD2F-4D01-B71E-9CE43B4DA643}.Debug|Any CPU.Build.0 = Debug|Any CPU
		{75219264-AD2F-4D01-B71E-9CE43B4DA643}.Release|Any CPU.ActiveCfg = Release|Any CPU
		{75219264-AD2F-4D01-B71E-9CE43B4DA643}.Release|Any CPU.Build.0 = Release|Any CPU
		{76B04D11-AA4E-44B3-AA7D-74E46C54D640}.Debug|Any CPU.ActiveCfg = Debug|Any CPU
		{76B04D11-AA4E-44B3-AA7D-74E46C54D640}.Debug|Any CPU.Build.0 = Debug|Any CPU
		{76B04D11-AA4E-44B3-AA7D-74E46C54D640}.Release|Any CPU.ActiveCfg = Release|Any CPU
		{76B04D11-AA4E-44B3-AA7D-74E46C54D640}.Release|Any CPU.Build.0 = Release|Any CPU
		{384267C2-2321-4E17-A9F3-B5410AD48C7D}.Debug|Any CPU.ActiveCfg = Debug|Any CPU
		{384267C2-2321-4E17-A9F3-B5410AD48C7D}.Debug|Any CPU.Build.0 = Debug|Any CPU
		{384267C2-2321-4E17-A9F3-B5410AD48C7D}.Release|Any CPU.ActiveCfg = Release|Any CPU
		{384267C2-2321-4E17-A9F3-B5410AD48C7D}.Release|Any CPU.Build.0 = Release|Any CPU
		{29B60226-137E-481B-9805-EFCA226E3DC9}.Debug|Any CPU.ActiveCfg = Debug|Any CPU
		{29B60226-137E-481B-9805-EFCA226E3DC9}.Debug|Any CPU.Build.0 = Debug|Any CPU
		{29B60226-137E-481B-9805-EFCA226E3DC9}.Release|Any CPU.ActiveCfg = Release|Any CPU
		{29B60226-137E-481B-9805-EFCA226E3DC9}.Release|Any CPU.Build.0 = Release|Any CPU
		{4035B8B4-A1E4-4F2D-B020-7A60034DCA14}.Debug|Any CPU.ActiveCfg = Debug|Any CPU
		{4035B8B4-A1E4-4F2D-B020-7A60034DCA14}.Debug|Any CPU.Build.0 = Debug|Any CPU
		{4035B8B4-A1E4-4F2D-B020-7A60034DCA14}.Release|Any CPU.ActiveCfg = Release|Any CPU
		{4035B8B4-A1E4-4F2D-B020-7A60034DCA14}.Release|Any CPU.Build.0 = Release|Any CPU
		{888BDC6A-3BFF-4021-B3CA-4C680E0774EB}.Debug|Any CPU.ActiveCfg = Debug|Any CPU
		{888BDC6A-3BFF-4021-B3CA-4C680E0774EB}.Debug|Any CPU.Build.0 = Debug|Any CPU
		{888BDC6A-3BFF-4021-B3CA-4C680E0774EB}.Release|Any CPU.ActiveCfg = Release|Any CPU
		{888BDC6A-3BFF-4021-B3CA-4C680E0774EB}.Release|Any CPU.Build.0 = Release|Any CPU
		{E1FA9DA9-70A1-439D-8C28-186A1791B236}.Debug|Any CPU.ActiveCfg = Debug|Any CPU
		{E1FA9DA9-70A1-439D-8C28-186A1791B236}.Debug|Any CPU.Build.0 = Debug|Any CPU
		{E1FA9DA9-70A1-439D-8C28-186A1791B236}.Release|Any CPU.ActiveCfg = Release|Any CPU
		{E1FA9DA9-70A1-439D-8C28-186A1791B236}.Release|Any CPU.Build.0 = Release|Any CPU
		{1F3D9018-C732-4C3B-ABB6-D8497BE7AD56}.Debug|Any CPU.ActiveCfg = Debug|Any CPU
		{1F3D9018-C732-4C3B-ABB6-D8497BE7AD56}.Debug|Any CPU.Build.0 = Debug|Any CPU
		{1F3D9018-C732-4C3B-ABB6-D8497BE7AD56}.Release|Any CPU.ActiveCfg = Release|Any CPU
		{1F3D9018-C732-4C3B-ABB6-D8497BE7AD56}.Release|Any CPU.Build.0 = Release|Any CPU
	EndGlobalSection
	GlobalSection(SolutionProperties) = preSolution
		HideSolutionNode = FALSE
	EndGlobalSection
	GlobalSection(ExtensibilityGlobals) = postSolution
		SolutionGuid = {D6DD56C7-B8E4-4352-ACAE-DF6CEB64D404}
	EndGlobalSection
EndGlobal
